// !$*UTF8*$!
{
	archiveVersion = 1;
	classes = {
	};
	objectVersion = 48;
	objects = {

/* Begin PBXBuildFile section */
		1D4B0C9A8003B47445A3E16C /* Pods_LineLogin_iOS.framework in Frameworks */ = {isa = PBXBuildFile; fileRef = D2CE06503D30FCC5E9A14645 /* Pods_LineLogin_iOS.framework */; };
		4666C8831FF4EE3A00C66F50 /* AppDelegate.swift in Sources */ = {isa = PBXBuildFile; fileRef = 4666C8821FF4EE3A00C66F50 /* AppDelegate.swift */; };
		4666C8851FF4EE3A00C66F50 /* ViewController.swift in Sources */ = {isa = PBXBuildFile; fileRef = 4666C8841FF4EE3A00C66F50 /* ViewController.swift */; };
		4666C8881FF4EE3A00C66F50 /* Main.storyboard in Resources */ = {isa = PBXBuildFile; fileRef = 4666C8861FF4EE3A00C66F50 /* Main.storyboard */; };
		4666C88D1FF4EE3A00C66F50 /* LaunchScreen.storyboard in Resources */ = {isa = PBXBuildFile; fileRef = 4666C88B1FF4EE3A00C66F50 /* LaunchScreen.storyboard */; };
		4666C8981FF4EE3A00C66F50 /* LineLogin_iOSTests.swift in Sources */ = {isa = PBXBuildFile; fileRef = 4666C8971FF4EE3A00C66F50 /* LineLogin_iOSTests.swift */; };
		4666C8A31FF4EE3A00C66F50 /* LineLogin_iOSUITests.swift in Sources */ = {isa = PBXBuildFile; fileRef = 4666C8A21FF4EE3A00C66F50 /* LineLogin_iOSUITests.swift */; };
		4698F9FF1FFE532000B5BEA6 /* LineCustomTokenRequest.swift in Sources */ = {isa = PBXBuildFile; fileRef = 4698F9FE1FFE532000B5BEA6 /* LineCustomTokenRequest.swift */; };
		4698FA011FFE532A00B5BEA6 /* LineCustomTokenResponse.swift in Sources */ = {isa = PBXBuildFile; fileRef = 4698FA001FFE532A00B5BEA6 /* LineCustomTokenResponse.swift */; };
		4698FA031FFE5EF100B5BEA6 /* FirebaseAuthPromise.swift in Sources */ = {isa = PBXBuildFile; fileRef = 4698FA021FFE5EF100B5BEA6 /* FirebaseAuthPromise.swift */; };
		4698FA051FFF824B00B5BEA6 /* Assets.xcassets in Resources */ = {isa = PBXBuildFile; fileRef = 4698FA041FFF824B00B5BEA6 /* Assets.xcassets */; };
		724DBCA00994D048D6255FC2 /* Pods_LineLogin_iOSUITests.framework in Frameworks */ = {isa = PBXBuildFile; fileRef = 6AB4D267A9FE75836F2533F8 /* Pods_LineLogin_iOSUITests.framework */; };
		8FC5C372CD4924B1B1769B0F /* Pods_LineLogin_iOSTests.framework in Frameworks */ = {isa = PBXBuildFile; fileRef = EF37857354FCD0CC93555663 /* Pods_LineLogin_iOSTests.framework */; };
/* End PBXBuildFile section */

/* Begin PBXContainerItemProxy section */
		4666C8941FF4EE3A00C66F50 /* PBXContainerItemProxy */ = {
			isa = PBXContainerItemProxy;
			containerPortal = 4666C8771FF4EE3A00C66F50 /* Project object */;
			proxyType = 1;
			remoteGlobalIDString = 4666C87E1FF4EE3A00C66F50;
			remoteInfo = "LineLogin-iOS";
		};
		4666C89F1FF4EE3A00C66F50 /* PBXContainerItemProxy */ = {
			isa = PBXContainerItemProxy;
			containerPortal = 4666C8771FF4EE3A00C66F50 /* Project object */;
			proxyType = 1;
			remoteGlobalIDString = 4666C87E1FF4EE3A00C66F50;
			remoteInfo = "LineLogin-iOS";
		};
/* End PBXContainerItemProxy section */

/* Begin PBXFileReference section */
		4666C87F1FF4EE3A00C66F50 /* LineLogin-iOS.app */ = {isa = PBXFileReference; explicitFileType = wrapper.application; includeInIndex = 0; path = "LineLogin-iOS.app"; sourceTree = BUILT_PRODUCTS_DIR; };
		4666C8821FF4EE3A00C66F50 /* AppDelegate.swift */ = {isa = PBXFileReference; lastKnownFileType = sourcecode.swift; path = AppDelegate.swift; sourceTree = "<group>"; };
		4666C8841FF4EE3A00C66F50 /* ViewController.swift */ = {isa = PBXFileReference; lastKnownFileType = sourcecode.swift; path = ViewController.swift; sourceTree = "<group>"; };
		4666C8871FF4EE3A00C66F50 /* Base */ = {isa = PBXFileReference; lastKnownFileType = file.storyboard; name = Base; path = Base.lproj/Main.storyboard; sourceTree = "<group>"; };
		4666C88C1FF4EE3A00C66F50 /* Base */ = {isa = PBXFileReference; lastKnownFileType = file.storyboard; name = Base; path = Base.lproj/LaunchScreen.storyboard; sourceTree = "<group>"; };
		4666C88E1FF4EE3A00C66F50 /* Info.plist */ = {isa = PBXFileReference; lastKnownFileType = text.plist.xml; path = Info.plist; sourceTree = "<group>"; };
		4666C8931FF4EE3A00C66F50 /* LineLogin-iOSTests.xctest */ = {isa = PBXFileReference; explicitFileType = wrapper.cfbundle; includeInIndex = 0; path = "LineLogin-iOSTests.xctest"; sourceTree = BUILT_PRODUCTS_DIR; };
		4666C8971FF4EE3A00C66F50 /* LineLogin_iOSTests.swift */ = {isa = PBXFileReference; lastKnownFileType = sourcecode.swift; path = LineLogin_iOSTests.swift; sourceTree = "<group>"; };
		4666C8991FF4EE3A00C66F50 /* Info.plist */ = {isa = PBXFileReference; lastKnownFileType = text.plist.xml; path = Info.plist; sourceTree = "<group>"; };
		4666C89E1FF4EE3A00C66F50 /* LineLogin-iOSUITests.xctest */ = {isa = PBXFileReference; explicitFileType = wrapper.cfbundle; includeInIndex = 0; path = "LineLogin-iOSUITests.xctest"; sourceTree = BUILT_PRODUCTS_DIR; };
		4666C8A21FF4EE3A00C66F50 /* LineLogin_iOSUITests.swift */ = {isa = PBXFileReference; lastKnownFileType = sourcecode.swift; path = LineLogin_iOSUITests.swift; sourceTree = "<group>"; };
		4666C8A41FF4EE3A00C66F50 /* Info.plist */ = {isa = PBXFileReference; lastKnownFileType = text.plist.xml; path = Info.plist; sourceTree = "<group>"; };
		4698F9F31FFE2FE300B5BEA6 /* LineLogin-iOS.entitlements */ = {isa = PBXFileReference; lastKnownFileType = text.plist.entitlements; path = "LineLogin-iOS.entitlements"; sourceTree = "<group>"; };
		4698F9F41FFE315100B5BEA6 /* Security.framework */ = {isa = PBXFileReference; lastKnownFileType = wrapper.framework; name = Security.framework; path = System/Library/Frameworks/Security.framework; sourceTree = SDKROOT; };
		4698F9F61FFE316100B5BEA6 /* CoreTelephony.framework */ = {isa = PBXFileReference; lastKnownFileType = wrapper.framework; name = CoreTelephony.framework; path = System/Library/Frameworks/CoreTelephony.framework; sourceTree = SDKROOT; };
		4698F9FE1FFE532000B5BEA6 /* LineCustomTokenRequest.swift */ = {isa = PBXFileReference; lastKnownFileType = sourcecode.swift; path = LineCustomTokenRequest.swift; sourceTree = "<group>"; };
		4698FA001FFE532A00B5BEA6 /* LineCustomTokenResponse.swift */ = {isa = PBXFileReference; lastKnownFileType = sourcecode.swift; path = LineCustomTokenResponse.swift; sourceTree = "<group>"; };
		4698FA021FFE5EF100B5BEA6 /* FirebaseAuthPromise.swift */ = {isa = PBXFileReference; lastKnownFileType = sourcecode.swift; path = FirebaseAuthPromise.swift; sourceTree = "<group>"; };
		4698FA041FFF824B00B5BEA6 /* Assets.xcassets */ = {isa = PBXFileReference; lastKnownFileType = folder.assetcatalog; path = Assets.xcassets; sourceTree = "<group>"; };
		533CF57CF52D957C8EE7345E /* Pods-LineLogin-iOSTests.release.xcconfig */ = {isa = PBXFileReference; includeInIndex = 1; lastKnownFileType = text.xcconfig; name = "Pods-LineLogin-iOSTests.release.xcconfig"; path = "Pods/Target Support Files/Pods-LineLogin-iOSTests/Pods-LineLogin-iOSTests.release.xcconfig"; sourceTree = "<group>"; };
		6AB4D267A9FE75836F2533F8 /* Pods_LineLogin_iOSUITests.framework */ = {isa = PBXFileReference; explicitFileType = wrapper.framework; includeInIndex = 0; path = Pods_LineLogin_iOSUITests.framework; sourceTree = BUILT_PRODUCTS_DIR; };
		7D7E696F5A07AA530C9A3EF9 /* Pods-LineLogin-iOS.release.xcconfig */ = {isa = PBXFileReference; includeInIndex = 1; lastKnownFileType = text.xcconfig; name = "Pods-LineLogin-iOS.release.xcconfig"; path = "Pods/Target Support Files/Pods-LineLogin-iOS/Pods-LineLogin-iOS.release.xcconfig"; sourceTree = "<group>"; };
		895C6785F91CC86AD75AF062 /* Pods-LineLogin-iOSUITests.debug.xcconfig */ = {isa = PBXFileReference; includeInIndex = 1; lastKnownFileType = text.xcconfig; name = "Pods-LineLogin-iOSUITests.debug.xcconfig"; path = "Pods/Target Support Files/Pods-LineLogin-iOSUITests/Pods-LineLogin-iOSUITests.debug.xcconfig"; sourceTree = "<group>"; };
		90B5599C4F4B51D851FAF5CF /* Pods-LineLogin-iOS.debug.xcconfig */ = {isa = PBXFileReference; includeInIndex = 1; lastKnownFileType = text.xcconfig; name = "Pods-LineLogin-iOS.debug.xcconfig"; path = "Pods/Target Support Files/Pods-LineLogin-iOS/Pods-LineLogin-iOS.debug.xcconfig"; sourceTree = "<group>"; };
		9BD30D11B096832A78CD1778 /* Pods-LineLogin-iOSUITests.release.xcconfig */ = {isa = PBXFileReference; includeInIndex = 1; lastKnownFileType = text.xcconfig; name = "Pods-LineLogin-iOSUITests.release.xcconfig"; path = "Pods/Target Support Files/Pods-LineLogin-iOSUITests/Pods-LineLogin-iOSUITests.release.xcconfig"; sourceTree = "<group>"; };
		C0DF755EBF597C234AD6A818 /* Pods-LineLogin-iOSTests.debug.xcconfig */ = {isa = PBXFileReference; includeInIndex = 1; lastKnownFileType = text.xcconfig; name = "Pods-LineLogin-iOSTests.debug.xcconfig"; path = "Pods/Target Support Files/Pods-LineLogin-iOSTests/Pods-LineLogin-iOSTests.debug.xcconfig"; sourceTree = "<group>"; };
		D2CE06503D30FCC5E9A14645 /* Pods_LineLogin_iOS.framework */ = {isa = PBXFileReference; explicitFileType = wrapper.framework; includeInIndex = 0; path = Pods_LineLogin_iOS.framework; sourceTree = BUILT_PRODUCTS_DIR; };
		EF37857354FCD0CC93555663 /* Pods_LineLogin_iOSTests.framework */ = {isa = PBXFileReference; explicitFileType = wrapper.framework; includeInIndex = 0; path = Pods_LineLogin_iOSTests.framework; sourceTree = BUILT_PRODUCTS_DIR; };
/* End PBXFileReference section */

/* Begin PBXFrameworksBuildPhase section */
		4666C87C1FF4EE3A00C66F50 /* Frameworks */ = {
			isa = PBXFrameworksBuildPhase;
			buildActionMask = 2147483647;
			files = (
				1D4B0C9A8003B47445A3E16C /* Pods_LineLogin_iOS.framework in Frameworks */,
			);
			runOnlyForDeploymentPostprocessing = 0;
		};
		4666C8901FF4EE3A00C66F50 /* Frameworks */ = {
			isa = PBXFrameworksBuildPhase;
			buildActionMask = 2147483647;
			files = (
				8FC5C372CD4924B1B1769B0F /* Pods_LineLogin_iOSTests.framework in Frameworks */,
			);
			runOnlyForDeploymentPostprocessing = 0;
		};
		4666C89B1FF4EE3A00C66F50 /* Frameworks */ = {
			isa = PBXFrameworksBuildPhase;
			buildActionMask = 2147483647;
			files = (
				724DBCA00994D048D6255FC2 /* Pods_LineLogin_iOSUITests.framework in Frameworks */,
			);
			runOnlyForDeploymentPostprocessing = 0;
		};
/* End PBXFrameworksBuildPhase section */

/* Begin PBXGroup section */
		4666C8761FF4EE3A00C66F50 = {
			isa = PBXGroup;
			children = (
				4666C8811FF4EE3A00C66F50 /* LineLogin-iOS */,
				4666C8961FF4EE3A00C66F50 /* LineLogin-iOSTests */,
				4666C8A11FF4EE3A00C66F50 /* LineLogin-iOSUITests */,
				4666C8801FF4EE3A00C66F50 /* Products */,
				F61B9B85825F405177881385 /* Pods */,
				8F6C2C1F7FC4C8F22AA18C1A /* Frameworks */,
			);
			sourceTree = "<group>";
		};
		4666C8801FF4EE3A00C66F50 /* Products */ = {
			isa = PBXGroup;
			children = (
				4666C87F1FF4EE3A00C66F50 /* LineLogin-iOS.app */,
				4666C8931FF4EE3A00C66F50 /* LineLogin-iOSTests.xctest */,
				4666C89E1FF4EE3A00C66F50 /* LineLogin-iOSUITests.xctest */,
			);
			name = Products;
			sourceTree = "<group>";
		};
		4666C8811FF4EE3A00C66F50 /* LineLogin-iOS */ = {
			isa = PBXGroup;
			children = (
				4698F9F31FFE2FE300B5BEA6 /* LineLogin-iOS.entitlements */,
				4666C8821FF4EE3A00C66F50 /* AppDelegate.swift */,
				4666C8841FF4EE3A00C66F50 /* ViewController.swift */,
				4698FA021FFE5EF100B5BEA6 /* FirebaseAuthPromise.swift */,
				4698F9FE1FFE532000B5BEA6 /* LineCustomTokenRequest.swift */,
				4698FA001FFE532A00B5BEA6 /* LineCustomTokenResponse.swift */,
				4698FA041FFF824B00B5BEA6 /* Assets.xcassets */,
				4666C8861FF4EE3A00C66F50 /* Main.storyboard */,
				4666C88B1FF4EE3A00C66F50 /* LaunchScreen.storyboard */,
				4666C88E1FF4EE3A00C66F50 /* Info.plist */,
			);
			path = "LineLogin-iOS";
			sourceTree = "<group>";
		};
		4666C8961FF4EE3A00C66F50 /* LineLogin-iOSTests */ = {
			isa = PBXGroup;
			children = (
				4666C8971FF4EE3A00C66F50 /* LineLogin_iOSTests.swift */,
				4666C8991FF4EE3A00C66F50 /* Info.plist */,
			);
			path = "LineLogin-iOSTests";
			sourceTree = "<group>";
		};
		4666C8A11FF4EE3A00C66F50 /* LineLogin-iOSUITests */ = {
			isa = PBXGroup;
			children = (
				4666C8A21FF4EE3A00C66F50 /* LineLogin_iOSUITests.swift */,
				4666C8A41FF4EE3A00C66F50 /* Info.plist */,
			);
			path = "LineLogin-iOSUITests";
			sourceTree = "<group>";
		};
		8F6C2C1F7FC4C8F22AA18C1A /* Frameworks */ = {
			isa = PBXGroup;
			children = (
				4698F9F61FFE316100B5BEA6 /* CoreTelephony.framework */,
				4698F9F41FFE315100B5BEA6 /* Security.framework */,
				D2CE06503D30FCC5E9A14645 /* Pods_LineLogin_iOS.framework */,
				EF37857354FCD0CC93555663 /* Pods_LineLogin_iOSTests.framework */,
				6AB4D267A9FE75836F2533F8 /* Pods_LineLogin_iOSUITests.framework */,
			);
			name = Frameworks;
			sourceTree = "<group>";
		};
		F61B9B85825F405177881385 /* Pods */ = {
			isa = PBXGroup;
			children = (
				90B5599C4F4B51D851FAF5CF /* Pods-LineLogin-iOS.debug.xcconfig */,
				7D7E696F5A07AA530C9A3EF9 /* Pods-LineLogin-iOS.release.xcconfig */,
				C0DF755EBF597C234AD6A818 /* Pods-LineLogin-iOSTests.debug.xcconfig */,
				533CF57CF52D957C8EE7345E /* Pods-LineLogin-iOSTests.release.xcconfig */,
				895C6785F91CC86AD75AF062 /* Pods-LineLogin-iOSUITests.debug.xcconfig */,
				9BD30D11B096832A78CD1778 /* Pods-LineLogin-iOSUITests.release.xcconfig */,
			);
			name = Pods;
			sourceTree = "<group>";
		};
/* End PBXGroup section */

/* Begin PBXNativeTarget section */
		4666C87E1FF4EE3A00C66F50 /* LineLogin-iOS */ = {
			isa = PBXNativeTarget;
			buildConfigurationList = 4666C8A71FF4EE3A00C66F50 /* Build configuration list for PBXNativeTarget "LineLogin-iOS" */;
			buildPhases = (
				55A04AFAD89D9AB72046F78E /* [CP] Check Pods Manifest.lock */,
				4666C87B1FF4EE3A00C66F50 /* Sources */,
				4666C87C1FF4EE3A00C66F50 /* Frameworks */,
				4666C87D1FF4EE3A00C66F50 /* Resources */,
				4DAC2F63807A3C9BC38EA6B4 /* [CP] Embed Pods Frameworks */,
				2CFBAA359901823A773AE056 /* [CP] Copy Pods Resources */,
			);
			buildRules = (
			);
			dependencies = (
			);
			name = "LineLogin-iOS";
			productName = "LineLogin-iOS";
			productReference = 4666C87F1FF4EE3A00C66F50 /* LineLogin-iOS.app */;
			productType = "com.apple.product-type.application";
		};
		4666C8921FF4EE3A00C66F50 /* LineLogin-iOSTests */ = {
			isa = PBXNativeTarget;
			buildConfigurationList = 4666C8AA1FF4EE3A00C66F50 /* Build configuration list for PBXNativeTarget "LineLogin-iOSTests" */;
			buildPhases = (
				2A7E55FC1010194C4DAFAE81 /* [CP] Check Pods Manifest.lock */,
				4666C88F1FF4EE3A00C66F50 /* Sources */,
				4666C8901FF4EE3A00C66F50 /* Frameworks */,
				4666C8911FF4EE3A00C66F50 /* Resources */,
				E3E0D2B2373FB29274690121 /* [CP] Embed Pods Frameworks */,
				B0FEDA58D8A9A0E577D8D34F /* [CP] Copy Pods Resources */,
			);
			buildRules = (
			);
			dependencies = (
				4666C8951FF4EE3A00C66F50 /* PBXTargetDependency */,
			);
			name = "LineLogin-iOSTests";
			productName = "LineLogin-iOSTests";
			productReference = 4666C8931FF4EE3A00C66F50 /* LineLogin-iOSTests.xctest */;
			productType = "com.apple.product-type.bundle.unit-test";
		};
		4666C89D1FF4EE3A00C66F50 /* LineLogin-iOSUITests */ = {
			isa = PBXNativeTarget;
			buildConfigurationList = 4666C8AD1FF4EE3A00C66F50 /* Build configuration list for PBXNativeTarget "LineLogin-iOSUITests" */;
			buildPhases = (
				533B8BF293399074D87A9884 /* [CP] Check Pods Manifest.lock */,
				4666C89A1FF4EE3A00C66F50 /* Sources */,
				4666C89B1FF4EE3A00C66F50 /* Frameworks */,
				4666C89C1FF4EE3A00C66F50 /* Resources */,
				86C8DD8729F13E9A29EBDCFD /* [CP] Embed Pods Frameworks */,
				950C780130BB88B7F65CBB87 /* [CP] Copy Pods Resources */,
			);
			buildRules = (
			);
			dependencies = (
				4666C8A01FF4EE3A00C66F50 /* PBXTargetDependency */,
			);
			name = "LineLogin-iOSUITests";
			productName = "LineLogin-iOSUITests";
			productReference = 4666C89E1FF4EE3A00C66F50 /* LineLogin-iOSUITests.xctest */;
			productType = "com.apple.product-type.bundle.ui-testing";
		};
/* End PBXNativeTarget section */

/* Begin PBXProject section */
		4666C8771FF4EE3A00C66F50 /* Project object */ = {
			isa = PBXProject;
			attributes = {
				LastSwiftUpdateCheck = 0920;
				LastUpgradeCheck = 0920;
				ORGANIZATIONNAME = kanemotos;
				TargetAttributes = {
					4666C87E1FF4EE3A00C66F50 = {
						CreatedOnToolsVersion = 9.2;
						ProvisioningStyle = Automatic;
						SystemCapabilities = {
							com.apple.Keychain = {
								enabled = 1;
							};
						};
					};
					4666C8921FF4EE3A00C66F50 = {
						CreatedOnToolsVersion = 9.2;
						ProvisioningStyle = Automatic;
						TestTargetID = 4666C87E1FF4EE3A00C66F50;
					};
					4666C89D1FF4EE3A00C66F50 = {
						CreatedOnToolsVersion = 9.2;
						ProvisioningStyle = Automatic;
						TestTargetID = 4666C87E1FF4EE3A00C66F50;
					};
				};
			};
			buildConfigurationList = 4666C87A1FF4EE3A00C66F50 /* Build configuration list for PBXProject "LineLogin-iOS" */;
			compatibilityVersion = "Xcode 8.0";
			developmentRegion = en;
			hasScannedForEncodings = 0;
			knownRegions = (
				en,
				Base,
			);
			mainGroup = 4666C8761FF4EE3A00C66F50;
			productRefGroup = 4666C8801FF4EE3A00C66F50 /* Products */;
			projectDirPath = "";
			projectRoot = "";
			targets = (
				4666C87E1FF4EE3A00C66F50 /* LineLogin-iOS */,
				4666C8921FF4EE3A00C66F50 /* LineLogin-iOSTests */,
				4666C89D1FF4EE3A00C66F50 /* LineLogin-iOSUITests */,
			);
		};
/* End PBXProject section */

/* Begin PBXResourcesBuildPhase section */
		4666C87D1FF4EE3A00C66F50 /* Resources */ = {
			isa = PBXResourcesBuildPhase;
			buildActionMask = 2147483647;
			files = (
				4666C88D1FF4EE3A00C66F50 /* LaunchScreen.storyboard in Resources */,
				4698FA051FFF824B00B5BEA6 /* Assets.xcassets in Resources */,
				4666C8881FF4EE3A00C66F50 /* Main.storyboard in Resources */,
			);
			runOnlyForDeploymentPostprocessing = 0;
		};
		4666C8911FF4EE3A00C66F50 /* Resources */ = {
			isa = PBXResourcesBuildPhase;
			buildActionMask = 2147483647;
			files = (
			);
			runOnlyForDeploymentPostprocessing = 0;
		};
		4666C89C1FF4EE3A00C66F50 /* Resources */ = {
			isa = PBXResourcesBuildPhase;
			buildActionMask = 2147483647;
			files = (
			);
			runOnlyForDeploymentPostprocessing = 0;
		};
/* End PBXResourcesBuildPhase section */

/* Begin PBXShellScriptBuildPhase section */
		2A7E55FC1010194C4DAFAE81 /* [CP] Check Pods Manifest.lock */ = {
			isa = PBXShellScriptBuildPhase;
			buildActionMask = 2147483647;
			files = (
			);
			inputPaths = (
				"${PODS_PODFILE_DIR_PATH}/Podfile.lock",
				"${PODS_ROOT}/Manifest.lock",
			);
			name = "[CP] Check Pods Manifest.lock";
			outputPaths = (
				"$(DERIVED_FILE_DIR)/Pods-LineLogin-iOSTests-checkManifestLockResult.txt",
			);
			runOnlyForDeploymentPostprocessing = 0;
			shellPath = /bin/sh;
			shellScript = "diff \"${PODS_PODFILE_DIR_PATH}/Podfile.lock\" \"${PODS_ROOT}/Manifest.lock\" > /dev/null\nif [ $? != 0 ] ; then\n    # print error to STDERR\n    echo \"error: The sandbox is not in sync with the Podfile.lock. Run 'pod install' or update your CocoaPods installation.\" >&2\n    exit 1\nfi\n# This output is used by Xcode 'outputs' to avoid re-running this script phase.\necho \"SUCCESS\" > \"${SCRIPT_OUTPUT_FILE_0}\"\n";
			showEnvVarsInLog = 0;
		};
		2CFBAA359901823A773AE056 /* [CP] Copy Pods Resources */ = {
			isa = PBXShellScriptBuildPhase;
			buildActionMask = 2147483647;
			files = (
			);
			inputPaths = (
			);
			name = "[CP] Copy Pods Resources";
			outputPaths = (
			);
			runOnlyForDeploymentPostprocessing = 0;
			shellPath = /bin/sh;
			shellScript = "\"${SRCROOT}/Pods/Target Support Files/Pods-LineLogin-iOS/Pods-LineLogin-iOS-resources.sh\"\n";
			showEnvVarsInLog = 0;
		};
		4DAC2F63807A3C9BC38EA6B4 /* [CP] Embed Pods Frameworks */ = {
			isa = PBXShellScriptBuildPhase;
			buildActionMask = 2147483647;
			files = (
			);
			inputPaths = (
				"${SRCROOT}/Pods/Target Support Files/Pods-LineLogin-iOS/Pods-LineLogin-iOS-frameworks.sh",
				"${BUILT_PRODUCTS_DIR}/GTMSessionFetcher/GTMSessionFetcher.framework",
				"${BUILT_PRODUCTS_DIR}/GoogleToolboxForMac/GoogleToolboxForMac.framework",
				"${BUILT_PRODUCTS_DIR}/PromiseKit/PromiseKit.framework",
				"${BUILT_PRODUCTS_DIR}/SVProgressHUD/SVProgressHUD.framework",
				"${BUILT_PRODUCTS_DIR}/nanopb/nanopb.framework",
			);
			name = "[CP] Embed Pods Frameworks";
			outputPaths = (
				"${TARGET_BUILD_DIR}/${FRAMEWORKS_FOLDER_PATH}/GTMSessionFetcher.framework",
				"${TARGET_BUILD_DIR}/${FRAMEWORKS_FOLDER_PATH}/GoogleToolboxForMac.framework",
				"${TARGET_BUILD_DIR}/${FRAMEWORKS_FOLDER_PATH}/PromiseKit.framework",
				"${TARGET_BUILD_DIR}/${FRAMEWORKS_FOLDER_PATH}/SVProgressHUD.framework",
				"${TARGET_BUILD_DIR}/${FRAMEWORKS_FOLDER_PATH}/nanopb.framework",
			);
			runOnlyForDeploymentPostprocessing = 0;
			shellPath = /bin/sh;
			shellScript = "\"${SRCROOT}/Pods/Target Support Files/Pods-LineLogin-iOS/Pods-LineLogin-iOS-frameworks.sh\"\n";
			showEnvVarsInLog = 0;
		};
		533B8BF293399074D87A9884 /* [CP] Check Pods Manifest.lock */ = {
			isa = PBXShellScriptBuildPhase;
			buildActionMask = 2147483647;
			files = (
			);
			inputPaths = (
				"${PODS_PODFILE_DIR_PATH}/Podfile.lock",
				"${PODS_ROOT}/Manifest.lock",
			);
			name = "[CP] Check Pods Manifest.lock";
			outputPaths = (
				"$(DERIVED_FILE_DIR)/Pods-LineLogin-iOSUITests-checkManifestLockResult.txt",
			);
			runOnlyForDeploymentPostprocessing = 0;
			shellPath = /bin/sh;
			shellScript = "diff \"${PODS_PODFILE_DIR_PATH}/Podfile.lock\" \"${PODS_ROOT}/Manifest.lock\" > /dev/null\nif [ $? != 0 ] ; then\n    # print error to STDERR\n    echo \"error: The sandbox is not in sync with the Podfile.lock. Run 'pod install' or update your CocoaPods installation.\" >&2\n    exit 1\nfi\n# This output is used by Xcode 'outputs' to avoid re-running this script phase.\necho \"SUCCESS\" > \"${SCRIPT_OUTPUT_FILE_0}\"\n";
			showEnvVarsInLog = 0;
		};
		55A04AFAD89D9AB72046F78E /* [CP] Check Pods Manifest.lock */ = {
			isa = PBXShellScriptBuildPhase;
			buildActionMask = 2147483647;
			files = (
			);
			inputPaths = (
				"${PODS_PODFILE_DIR_PATH}/Podfile.lock",
				"${PODS_ROOT}/Manifest.lock",
			);
			name = "[CP] Check Pods Manifest.lock";
			outputPaths = (
				"$(DERIVED_FILE_DIR)/Pods-LineLogin-iOS-checkManifestLockResult.txt",
			);
			runOnlyForDeploymentPostprocessing = 0;
			shellPath = /bin/sh;
			shellScript = "diff \"${PODS_PODFILE_DIR_PATH}/Podfile.lock\" \"${PODS_ROOT}/Manifest.lock\" > /dev/null\nif [ $? != 0 ] ; then\n    # print error to STDERR\n    echo \"error: The sandbox is not in sync with the Podfile.lock. Run 'pod install' or update your CocoaPods installation.\" >&2\n    exit 1\nfi\n# This output is used by Xcode 'outputs' to avoid re-running this script phase.\necho \"SUCCESS\" > \"${SCRIPT_OUTPUT_FILE_0}\"\n";
			showEnvVarsInLog = 0;
		};
		86C8DD8729F13E9A29EBDCFD /* [CP] Embed Pods Frameworks */ = {
			isa = PBXShellScriptBuildPhase;
			buildActionMask = 2147483647;
			files = (
			);
			inputPaths = (
			);
			name = "[CP] Embed Pods Frameworks";
			outputPaths = (
			);
			runOnlyForDeploymentPostprocessing = 0;
			shellPath = /bin/sh;
			shellScript = "\"${SRCROOT}/Pods/Target Support Files/Pods-LineLogin-iOSUITests/Pods-LineLogin-iOSUITests-frameworks.sh\"\n";
			showEnvVarsInLog = 0;
		};
		950C780130BB88B7F65CBB87 /* [CP] Copy Pods Resources */ = {
			isa = PBXShellScriptBuildPhase;
			buildActionMask = 2147483647;
			files = (
			);
			inputPaths = (
			);
			name = "[CP] Copy Pods Resources";
			outputPaths = (
			);
			runOnlyForDeploymentPostprocessing = 0;
			shellPath = /bin/sh;
			shellScript = "\"${SRCROOT}/Pods/Target Support Files/Pods-LineLogin-iOSUITests/Pods-LineLogin-iOSUITests-resources.sh\"\n";
			showEnvVarsInLog = 0;
		};
		B0FEDA58D8A9A0E577D8D34F /* [CP] Copy Pods Resources */ = {
			isa = PBXShellScriptBuildPhase;
			buildActionMask = 2147483647;
			files = (
			);
			inputPaths = (
			);
			name = "[CP] Copy Pods Resources";
			outputPaths = (
			);
			runOnlyForDeploymentPostprocessing = 0;
			shellPath = /bin/sh;
			shellScript = "\"${SRCROOT}/Pods/Target Support Files/Pods-LineLogin-iOSTests/Pods-LineLogin-iOSTests-resources.sh\"\n";
			showEnvVarsInLog = 0;
		};
		E3E0D2B2373FB29274690121 /* [CP] Embed Pods Frameworks */ = {
			isa = PBXShellScriptBuildPhase;
			buildActionMask = 2147483647;
			files = (
			);
			inputPaths = (
			);
			name = "[CP] Embed Pods Frameworks";
			outputPaths = (
			);
			runOnlyForDeploymentPostprocessing = 0;
			shellPath = /bin/sh;
			shellScript = "\"${SRCROOT}/Pods/Target Support Files/Pods-LineLogin-iOSTests/Pods-LineLogin-iOSTests-frameworks.sh\"\n";
			showEnvVarsInLog = 0;
		};
/* End PBXShellScriptBuildPhase section */

/* Begin PBXSourcesBuildPhase section */
		4666C87B1FF4EE3A00C66F50 /* Sources */ = {
			isa = PBXSourcesBuildPhase;
			buildActionMask = 2147483647;
			files = (
				4666C8851FF4EE3A00C66F50 /* ViewController.swift in Sources */,
				4698FA031FFE5EF100B5BEA6 /* FirebaseAuthPromise.swift in Sources */,
				4698F9FF1FFE532000B5BEA6 /* LineCustomTokenRequest.swift in Sources */,
				4666C8831FF4EE3A00C66F50 /* AppDelegate.swift in Sources */,
				4698FA011FFE532A00B5BEA6 /* LineCustomTokenResponse.swift in Sources */,
			);
			runOnlyForDeploymentPostprocessing = 0;
		};
		4666C88F1FF4EE3A00C66F50 /* Sources */ = {
			isa = PBXSourcesBuildPhase;
			buildActionMask = 2147483647;
			files = (
				4666C8981FF4EE3A00C66F50 /* LineLogin_iOSTests.swift in Sources */,
			);
			runOnlyForDeploymentPostprocessing = 0;
		};
		4666C89A1FF4EE3A00C66F50 /* Sources */ = {
			isa = PBXSourcesBuildPhase;
			buildActionMask = 2147483647;
			files = (
				4666C8A31FF4EE3A00C66F50 /* LineLogin_iOSUITests.swift in Sources */,
			);
			runOnlyForDeploymentPostprocessing = 0;
		};
/* End PBXSourcesBuildPhase section */

/* Begin PBXTargetDependency section */
		4666C8951FF4EE3A00C66F50 /* PBXTargetDependency */ = {
			isa = PBXTargetDependency;
			target = 4666C87E1FF4EE3A00C66F50 /* LineLogin-iOS */;
			targetProxy = 4666C8941FF4EE3A00C66F50 /* PBXContainerItemProxy */;
		};
		4666C8A01FF4EE3A00C66F50 /* PBXTargetDependency */ = {
			isa = PBXTargetDependency;
			target = 4666C87E1FF4EE3A00C66F50 /* LineLogin-iOS */;
			targetProxy = 4666C89F1FF4EE3A00C66F50 /* PBXContainerItemProxy */;
		};
/* End PBXTargetDependency section */

/* Begin PBXVariantGroup section */
		4666C8861FF4EE3A00C66F50 /* Main.storyboard */ = {
			isa = PBXVariantGroup;
			children = (
				4666C8871FF4EE3A00C66F50 /* Base */,
			);
			name = Main.storyboard;
			sourceTree = "<group>";
		};
		4666C88B1FF4EE3A00C66F50 /* LaunchScreen.storyboard */ = {
			isa = PBXVariantGroup;
			children = (
				4666C88C1FF4EE3A00C66F50 /* Base */,
			);
			name = LaunchScreen.storyboard;
			sourceTree = "<group>";
		};
/* End PBXVariantGroup section */

/* Begin XCBuildConfiguration section */
		4666C8A51FF4EE3A00C66F50 /* Debug */ = {
			isa = XCBuildConfiguration;
			buildSettings = {
				ALWAYS_SEARCH_USER_PATHS = NO;
				CLANG_ANALYZER_NONNULL = YES;
				CLANG_ANALYZER_NUMBER_OBJECT_CONVERSION = YES_AGGRESSIVE;
				CLANG_CXX_LANGUAGE_STANDARD = "gnu++14";
				CLANG_CXX_LIBRARY = "libc++";
				CLANG_ENABLE_MODULES = YES;
				CLANG_ENABLE_OBJC_ARC = YES;
				CLANG_WARN_BLOCK_CAPTURE_AUTORELEASING = YES;
				CLANG_WARN_BOOL_CONVERSION = YES;
				CLANG_WARN_COMMA = YES;
				CLANG_WARN_CONSTANT_CONVERSION = YES;
				CLANG_WARN_DIRECT_OBJC_ISA_USAGE = YES_ERROR;
				CLANG_WARN_DOCUMENTATION_COMMENTS = YES;
				CLANG_WARN_EMPTY_BODY = YES;
				CLANG_WARN_ENUM_CONVERSION = YES;
				CLANG_WARN_INFINITE_RECURSION = YES;
				CLANG_WARN_INT_CONVERSION = YES;
				CLANG_WARN_NON_LITERAL_NULL_CONVERSION = YES;
				CLANG_WARN_OBJC_LITERAL_CONVERSION = YES;
				CLANG_WARN_OBJC_ROOT_CLASS = YES_ERROR;
				CLANG_WARN_RANGE_LOOP_ANALYSIS = YES;
				CLANG_WARN_STRICT_PROTOTYPES = YES;
				CLANG_WARN_SUSPICIOUS_MOVE = YES;
				CLANG_WARN_UNGUARDED_AVAILABILITY = YES_AGGRESSIVE;
				CLANG_WARN_UNREACHABLE_CODE = YES;
				CLANG_WARN__DUPLICATE_METHOD_MATCH = YES;
				CODE_SIGN_IDENTITY = "iPhone Developer";
				COPY_PHASE_STRIP = NO;
				DEBUG_INFORMATION_FORMAT = dwarf;
				ENABLE_STRICT_OBJC_MSGSEND = YES;
				ENABLE_TESTABILITY = YES;
				GCC_C_LANGUAGE_STANDARD = gnu11;
				GCC_DYNAMIC_NO_PIC = NO;
				GCC_NO_COMMON_BLOCKS = YES;
				GCC_OPTIMIZATION_LEVEL = 0;
				GCC_PREPROCESSOR_DEFINITIONS = (
					"DEBUG=1",
					"$(inherited)",
				);
				GCC_WARN_64_TO_32_BIT_CONVERSION = YES;
				GCC_WARN_ABOUT_RETURN_TYPE = YES_ERROR;
				GCC_WARN_UNDECLARED_SELECTOR = YES;
				GCC_WARN_UNINITIALIZED_AUTOS = YES_AGGRESSIVE;
				GCC_WARN_UNUSED_FUNCTION = YES;
				GCC_WARN_UNUSED_VARIABLE = YES;
				IPHONEOS_DEPLOYMENT_TARGET = 11.2;
				MTL_ENABLE_DEBUG_INFO = YES;
				ONLY_ACTIVE_ARCH = YES;
				SDKROOT = iphoneos;
				SWIFT_ACTIVE_COMPILATION_CONDITIONS = DEBUG;
				SWIFT_OPTIMIZATION_LEVEL = "-Onone";
			};
			name = Debug;
		};
		4666C8A61FF4EE3A00C66F50 /* Release */ = {
			isa = XCBuildConfiguration;
			buildSettings = {
				ALWAYS_SEARCH_USER_PATHS = NO;
				CLANG_ANALYZER_NONNULL = YES;
				CLANG_ANALYZER_NUMBER_OBJECT_CONVERSION = YES_AGGRESSIVE;
				CLANG_CXX_LANGUAGE_STANDARD = "gnu++14";
				CLANG_CXX_LIBRARY = "libc++";
				CLANG_ENABLE_MODULES = YES;
				CLANG_ENABLE_OBJC_ARC = YES;
				CLANG_WARN_BLOCK_CAPTURE_AUTORELEASING = YES;
				CLANG_WARN_BOOL_CONVERSION = YES;
				CLANG_WARN_COMMA = YES;
				CLANG_WARN_CONSTANT_CONVERSION = YES;
				CLANG_WARN_DIRECT_OBJC_ISA_USAGE = YES_ERROR;
				CLANG_WARN_DOCUMENTATION_COMMENTS = YES;
				CLANG_WARN_EMPTY_BODY = YES;
				CLANG_WARN_ENUM_CONVERSION = YES;
				CLANG_WARN_INFINITE_RECURSION = YES;
				CLANG_WARN_INT_CONVERSION = YES;
				CLANG_WARN_NON_LITERAL_NULL_CONVERSION = YES;
				CLANG_WARN_OBJC_LITERAL_CONVERSION = YES;
				CLANG_WARN_OBJC_ROOT_CLASS = YES_ERROR;
				CLANG_WARN_RANGE_LOOP_ANALYSIS = YES;
				CLANG_WARN_STRICT_PROTOTYPES = YES;
				CLANG_WARN_SUSPICIOUS_MOVE = YES;
				CLANG_WARN_UNGUARDED_AVAILABILITY = YES_AGGRESSIVE;
				CLANG_WARN_UNREACHABLE_CODE = YES;
				CLANG_WARN__DUPLICATE_METHOD_MATCH = YES;
				CODE_SIGN_IDENTITY = "iPhone Developer";
				COPY_PHASE_STRIP = NO;
				DEBUG_INFORMATION_FORMAT = "dwarf-with-dsym";
				ENABLE_NS_ASSERTIONS = NO;
				ENABLE_STRICT_OBJC_MSGSEND = YES;
				GCC_C_LANGUAGE_STANDARD = gnu11;
				GCC_NO_COMMON_BLOCKS = YES;
				GCC_WARN_64_TO_32_BIT_CONVERSION = YES;
				GCC_WARN_ABOUT_RETURN_TYPE = YES_ERROR;
				GCC_WARN_UNDECLARED_SELECTOR = YES;
				GCC_WARN_UNINITIALIZED_AUTOS = YES_AGGRESSIVE;
				GCC_WARN_UNUSED_FUNCTION = YES;
				GCC_WARN_UNUSED_VARIABLE = YES;
				IPHONEOS_DEPLOYMENT_TARGET = 11.2;
				MTL_ENABLE_DEBUG_INFO = NO;
				SDKROOT = iphoneos;
				SWIFT_OPTIMIZATION_LEVEL = "-Owholemodule";
				VALIDATE_PRODUCT = YES;
			};
			name = Release;
		};
		4666C8A81FF4EE3A00C66F50 /* Debug */ = {
			isa = XCBuildConfiguration;
			baseConfigurationReference = 90B5599C4F4B51D851FAF5CF /* Pods-LineLogin-iOS.debug.xcconfig */;
			buildSettings = {
				ASSETCATALOG_COMPILER_APPICON_NAME = AppIcon;
				CODE_SIGN_ENTITLEMENTS = "LineLogin-iOS/LineLogin-iOS.entitlements";
				CODE_SIGN_STYLE = Automatic;
				DEVELOPMENT_TEAM = "";
				INFOPLIST_FILE = "LineLogin-iOS/Info.plist";
				LD_RUNPATH_SEARCH_PATHS = "$(inherited) @executable_path/Frameworks";
				PRODUCT_BUNDLE_IDENTIFIER = "kanemotos.LineLogin-iOS";
				PRODUCT_NAME = "$(TARGET_NAME)";
				SWIFT_VERSION = 4.0;
				TARGETED_DEVICE_FAMILY = "1,2";
			};
			name = Debug;
		};
		4666C8A91FF4EE3A00C66F50 /* Release */ = {
			isa = XCBuildConfiguration;
			baseConfigurationReference = 7D7E696F5A07AA530C9A3EF9 /* Pods-LineLogin-iOS.release.xcconfig */;
			buildSettings = {
				ASSETCATALOG_COMPILER_APPICON_NAME = AppIcon;
				CODE_SIGN_ENTITLEMENTS = "LineLogin-iOS/LineLogin-iOS.entitlements";
				CODE_SIGN_STYLE = Automatic;
				DEVELOPMENT_TEAM = "";
				INFOPLIST_FILE = "LineLogin-iOS/Info.plist";
				LD_RUNPATH_SEARCH_PATHS = "$(inherited) @executable_path/Frameworks";
				PRODUCT_BUNDLE_IDENTIFIER = "kanemotos.LineLogin-iOS";
				PRODUCT_NAME = "$(TARGET_NAME)";
				SWIFT_VERSION = 4.0;
				TARGETED_DEVICE_FAMILY = "1,2";
			};
			name = Release;
		};
		4666C8AB1FF4EE3A00C66F50 /* Debug */ = {
			isa = XCBuildConfiguration;
			baseConfigurationReference = C0DF755EBF597C234AD6A818 /* Pods-LineLogin-iOSTests.debug.xcconfig */;
			buildSettings = {
				ALWAYS_EMBED_SWIFT_STANDARD_LIBRARIES = YES;
				BUNDLE_LOADER = "$(TEST_HOST)";
				CODE_SIGN_STYLE = Automatic;
				INFOPLIST_FILE = "LineLogin-iOSTests/Info.plist";
				LD_RUNPATH_SEARCH_PATHS = "$(inherited) @executable_path/Frameworks @loader_path/Frameworks";
				PRODUCT_BUNDLE_IDENTIFIER = "kanemotos.LineLogin-iOSTests";
				PRODUCT_NAME = "$(TARGET_NAME)";
				SWIFT_VERSION = 4.0;
				TARGETED_DEVICE_FAMILY = "1,2";
				TEST_HOST = "$(BUILT_PRODUCTS_DIR)/LineLogin-iOS.app/LineLogin-iOS";
			};
			name = Debug;
		};
		4666C8AC1FF4EE3A00C66F50 /* Release */ = {
			isa = XCBuildConfiguration;
			baseConfigurationReference = 533CF57CF52D957C8EE7345E /* Pods-LineLogin-iOSTests.release.xcconfig */;
			buildSettings = {
				ALWAYS_EMBED_SWIFT_STANDARD_LIBRARIES = YES;
				BUNDLE_LOADER = "$(TEST_HOST)";
				CODE_SIGN_STYLE = Automatic;
				INFOPLIST_FILE = "LineLogin-iOSTests/Info.plist";
				LD_RUNPATH_SEARCH_PATHS = "$(inherited) @executable_path/Frameworks @loader_path/Frameworks";
				PRODUCT_BUNDLE_IDENTIFIER = "kanemotos.LineLogin-iOSTests";
				PRODUCT_NAME = "$(TARGET_NAME)";
				SWIFT_VERSION = 4.0;
				TARGETED_DEVICE_FAMILY = "1,2";
				TEST_HOST = "$(BUILT_PRODUCTS_DIR)/LineLogin-iOS.app/LineLogin-iOS";
			};
			name = Release;
		};
		4666C8AE1FF4EE3A00C66F50 /* Debug */ = {
			isa = XCBuildConfiguration;
			baseConfigurationReference = 895C6785F91CC86AD75AF062 /* Pods-LineLogin-iOSUITests.debug.xcconfig */;
			buildSettings = {
				ALWAYS_EMBED_SWIFT_STANDARD_LIBRARIES = YES;
				CODE_SIGN_STYLE = Automatic;
				INFOPLIST_FILE = "LineLogin-iOSUITests/Info.plist";
				LD_RUNPATH_SEARCH_PATHS = "$(inherited) @executable_path/Frameworks @loader_path/Frameworks";
				PRODUCT_BUNDLE_IDENTIFIER = "kanemotos.LineLogin-iOSUITests";
				PRODUCT_NAME = "$(TARGET_NAME)";
				SWIFT_VERSION = 4.0;
				TARGETED_DEVICE_FAMILY = "1,2";
				TEST_TARGET_NAME = "LineLogin-iOS";
			};
			name = Debug;
		};
		4666C8AF1FF4EE3A00C66F50 /* Release */ = {
			isa = XCBuildConfiguration;
			baseConfigurationReference = 9BD30D11B096832A78CD1778 /* Pods-LineLogin-iOSUITests.release.xcconfig */;
			buildSettings = {
				ALWAYS_EMBED_SWIFT_STANDARD_LIBRARIES = YES;
				CODE_SIGN_STYLE = Automatic;
				INFOPLIST_FILE = "LineLogin-iOSUITests/Info.plist";
				LD_RUNPATH_SEARCH_PATHS = "$(inherited) @executable_path/Frameworks @loader_path/Frameworks";
				PRODUCT_BUNDLE_IDENTIFIER = "kanemotos.LineLogin-iOSUITests";
				PRODUCT_NAME = "$(TARGET_NAME)";
				SWIFT_VERSION = 4.0;
				TARGETED_DEVICE_FAMILY = "1,2";
				TEST_TARGET_NAME = "LineLogin-iOS";
			};
			name = Release;
		};
/* End XCBuildConfiguration section */

/* Begin XCConfigurationList section */
		4666C87A1FF4EE3A00C66F50 /* Build configuration list for PBXProject "LineLogin-iOS" */ = {
			isa = XCConfigurationList;
			buildConfigurations = (
				4666C8A51FF4EE3A00C66F50 /* Debug */,
				4666C8A61FF4EE3A00C66F50 /* Release */,
			);
			defaultConfigurationIsVisible = 0;
			defaultConfigurationName = Release;
		};
		4666C8A71FF4EE3A00C66F50 /* Build configuration list for PBXNativeTarget "LineLogin-iOS" */ = {
			isa = XCConfigurationList;
			buildConfigurations = (
				4666C8A81FF4EE3A00C66F50 /* Debug */,
				4666C8A91FF4EE3A00C66F50 /* Release */,
			);
			defaultConfigurationIsVisible = 0;
			defaultConfigurationName = Release;
		};
		4666C8AA1FF4EE3A00C66F50 /* Build configuration list for PBXNativeTarget "LineLogin-iOSTests" */ = {
			isa = XCConfigurationList;
			buildConfigurations = (
				4666C8AB1FF4EE3A00C66F50 /* Debug */,
				4666C8AC1FF4EE3A00C66F50 /* Release */,
			);
			defaultConfigurationIsVisible = 0;
			defaultConfigurationName = Release;
		};
		4666C8AD1FF4EE3A00C66F50 /* Build configuration list for PBXNativeTarget "LineLogin-iOSUITests" */ = {
			isa = XCConfigurationList;
			buildConfigurations = (
				4666C8AE1FF4EE3A00C66F50 /* Debug */,
				4666C8AF1FF4EE3A00C66F50 /* Release */,
			);
			defaultConfigurationIsVisible = 0;
			defaultConfigurationName = Release;
		};
/* End XCConfigurationList section */
	};
	rootObject = 4666C8771FF4EE3A00C66F50 /* Project object */;
}
